Microsoft Visual Studio Solution File, Format Version 12.00
# Visual Studio Version 17
VisualStudioVersion = 17.5.2.0
MinimumVisualStudioVersion = 10.0.40219.1
Project("{FAE04EC0-301F-11D3-BF4B-00C04F79EFBC}") = "MergeStringAlternately", "MergeStringAlternately.csproj", "{0EF7893F-FBF2-F7C7-0FBC-C89B9C87E458}"
EndProject
Global
	GlobalSection(SolutionConfigurationPlatforms) = preSolution
		Debug|Any CPU = Debug|Any CPU
		Release|Any CPU = Release|Any CPU
	EndGlobalSection
	GlobalSection(ProjectConfigurationPlatforms) = postSolution
		{0EF7893F-FBF2-F7C7-0FBC-C89B9C87E458}.Debug|Any CPU.ActiveCfg = Debug|Any CPU
		{0EF7893F-FBF2-F7C7-0FBC-C89B9C87E458}.Debug|Any CPU.Build.0 = Debug|Any CPU
		{0EF7893F-FBF2-F7C7-0FBC-C89B9C87E458}.Release|Any CPU.ActiveCfg = Release|Any CPU
		{0EF7893F-FBF2-F7C7-0FBC-C89B9C87E458}.Release|Any CPU.Build.0 = Release|Any CPU
	EndGlobalSection
	GlobalSection(SolutionProperties) = preSolution
		HideSolutionNode = FALSE
	EndGlobalSection
	GlobalSection(ExtensibilityGlobals) = postSolution
		SolutionGuid = {172CBDC1-6FED-4E04-8F6D-46F87FF015C0}
	EndGlobalSection
EndGlobal
